
Microsoft Visual Studio Solution File, Format Version 12.00
# Visual Studio 14
VisualStudioVersion = 14.0.25420.1
MinimumVisualStudioVersion = 10.0.40219.1
Project("{FAE04EC0-301F-11D3-BF4B-00C04F79EFBC}") = "FlexBusiness.CodedUI.Test", "FlexBusiness.CodedUI.Test\FlexBusiness.CodedUI.Test.csproj", "{DDAAC24A-9D81-4411-B092-EF77106582E9}"
EndProject
Global
	GlobalSection(SolutionConfigurationPlatforms) = preSolution
		Debug|Any CPU = Debug|Any CPU
		Release|Any CPU = Release|Any CPU
	EndGlobalSection
	GlobalSection(ProjectConfigurationPlatforms) = postSolution
		{DDAAC24A-9D81-4411-B092-EF77106582E9}.Debug|Any CPU.ActiveCfg = Debug|Any CPU
		{DDAAC24A-9D81-4411-B092-EF77106582E9}.Debug|Any CPU.Build.0 = Debug|Any CPU
		{DDAAC24A-9D81-4411-B092-EF77106582E9}.Release|Any CPU.ActiveCfg = Release|Any CPU
		{DDAAC24A-9D81-4411-B092-EF77106582E9}.Release|Any CPU.Build.0 = Release|Any CPU
	EndGlobalSection
	GlobalSection(SolutionProperties) = preSolution
		HideSolutionNode = FALSE
	EndGlobalSection
	GlobalSection(TeamFoundationVersionControl) = preSolution
		SccNumberOfProjects = 2
		SccEnterpriseProvider = {4CA58AB2-18FA-4F8D-95D4-32DDF27D184C}
		SccTeamFoundationServer = http://unfcd:8080/tfs/testcollection
		SccLocalPath0 = .
		SccProjectUniqueName1 = FlexBusiness.CodedUI.Test\\FlexBusiness.CodedUI.Test.csproj
		SccProjectName1 = FlexBusiness.CodedUI.Test
		SccLocalPath1 = FlexBusiness.CodedUI.Test
	EndGlobalSection
EndGlobal
